{
   "name": "@hydrophobefireman/kit",
   "version": "0.0.1-2021-10-08-23-54",
   "lockfileVersion": 2,
   "requires": true,
   "packages": {
      "": {
         "name": "@hydrophobefireman/kit",
         "version": "0.0.1-2021-10-08-23-54",
         "license": "MIT",
         "dependencies": {
            "@hydrophobefireman/kit-icons": "^0.0.2",
            "csstype": "^3.0.9"
         },
         "devDependencies": {
            "@types/node": "^16.10.4",
            "typescript": "^4.4.4"
         },
         "peerDependencies": {
            "@hydrophobefireman/flask-jwt-jskit": "^0.1.5",
            "@hydrophobefireman/ui-lib": "^1.11.3",
            "statedrive": "^0.0.13"
         }
      },
      "node_modules/@hydrophobefireman/flask-jwt-jskit": {
         "version": "0.1.5",
         "resolved": "https://registry.npmjs.org/@hydrophobefireman/flask-jwt-jskit/-/flask-jwt-jskit-0.1.5.tgz",
         "integrity": "sha512-4HkVcl/uWfIgkolpKy8vaaIgsOwMB6ghq3jLCyq9bvxQ1Kt6JA3zzGA7BUCL8df//pwLXlldOjNCp/a23CrKGg==",
         "peer": true,
         "peerDependencies": {
            "@hydrophobefireman/j-utils": "^2.1.7",
            "statedrive": "^0.0.13"
         }
      },
      "node_modules/@hydrophobefireman/j-utils": {
         "version": "2.1.7",
         "resolved": "https://registry.npmjs.org/@hydrophobefireman/j-utils/-/j-utils-2.1.7.tgz",
         "integrity": "sha512-XEIl3/eQCUPPSPEdH8oy4AHoNhktOZ/hIF0+iBvlYrCHKmjZbrVEKUzRS/tiJ60kRdGEqlaaFd8dkOp48PQFkQ==",
         "peer": true
      },
      "node_modules/@hydrophobefireman/kit-icons": {
         "version": "0.0.2",
         "resolved": "https://registry.npmjs.org/@hydrophobefireman/kit-icons/-/kit-icons-0.0.2.tgz",
         "integrity": "sha512-cOJCwyNIOUIDl1I1mZlg3P3tNvMH5Twf9H63wy/BD7CQcuO4/A8bKxvpTM66OYz9PXi2pZv0QUD4UlCm5cNCKA==",
         "dependencies": {
            "csstype": "^3.0.9"
         },
         "peerDependencies": {
            "@hydrophobefireman/ui-lib": "^1.11.3"
         }
      },
      "node_modules/@hydrophobefireman/ui-lib": {
         "version": "1.11.3",
         "resolved": "https://registry.npmjs.org/@hydrophobefireman/ui-lib/-/ui-lib-1.11.3.tgz",
         "integrity": "sha512-5/1D9mwuBBM/YZzKXqoaDv8QwYFp6Z2sKj5I+I4JLidZ+vzfWkvc15l/dNaT336gF64t2dsUSw8c4OW1MGeWjQ==",
         "peer": true
      },
      "node_modules/@types/node": {
         "version": "16.10.4",
         "resolved": "https://registry.npmjs.org/@types/node/-/node-16.10.4.tgz",
         "integrity": "sha512-EITwVTX5B4nDjXjGeQAfXOrm+Jn+qNjDmyDRtWoD+wZsl/RDPRTFRKivs4Mt74iOFlLOrE5+Kf+p5yjyhm3+cA==",
         "dev": true
      },
      "node_modules/csstype": {
         "version": "3.0.9",
         "resolved": "https://registry.npmjs.org/csstype/-/csstype-3.0.9.tgz",
         "integrity": "sha512-rpw6JPxK6Rfg1zLOYCSwle2GFOOsnjmDYDaBwEcwoOg4qlsIVCN789VkBZDJAGi4T07gI4YSutR43t9Zz4Lzuw=="
      },
      "node_modules/statedrive": {
         "version": "0.0.13",
         "resolved": "https://registry.npmjs.org/statedrive/-/statedrive-0.0.13.tgz",
         "integrity": "sha512-t3ycewlnD31iCf+K5LPIMOFsnaBsyFcKaxNia9aqzR1TM9paF6AGZ/ZVyQ2gx+4h3ZlvoBE6PiSvG9S/8KCyDg==",
         "peer": true,
         "peerDependencies": {
            "@hydrophobefireman/ui-lib": "^1.9.5"
         }
      },
      "node_modules/typescript": {
         "version": "4.4.4",
         "resolved": "https://registry.npmjs.org/typescript/-/typescript-4.4.4.tgz",
         "integrity": "sha512-DqGhF5IKoBl8WNf8C1gu8q0xZSInh9j1kJJMqT3a94w1JzVaBU4EXOSMrz9yDqMT0xt3selp83fuFMQ0uzv6qA==",
         "dev": true,
         "bin": {
            "tsc": "bin/tsc",
            "tsserver": "bin/tsserver"
         },
         "engines": {
            "node": ">=4.2.0"
         }
      }
   },
   "dependencies": {
      "@hydrophobefireman/flask-jwt-jskit": {
         "version": "0.1.5",
         "resolved": "https://registry.npmjs.org/@hydrophobefireman/flask-jwt-jskit/-/flask-jwt-jskit-0.1.5.tgz",
         "integrity": "sha512-4HkVcl/uWfIgkolpKy8vaaIgsOwMB6ghq3jLCyq9bvxQ1Kt6JA3zzGA7BUCL8df//pwLXlldOjNCp/a23CrKGg==",
         "peer": true,
         "requires": {}
      },
      "@hydrophobefireman/j-utils": {
         "version": "2.1.7",
         "resolved": "https://registry.npmjs.org/@hydrophobefireman/j-utils/-/j-utils-2.1.7.tgz",
         "integrity": "sha512-XEIl3/eQCUPPSPEdH8oy4AHoNhktOZ/hIF0+iBvlYrCHKmjZbrVEKUzRS/tiJ60kRdGEqlaaFd8dkOp48PQFkQ==",
         "peer": true
      },
      "@hydrophobefireman/kit-icons": {
         "version": "0.0.2",
         "resolved": "https://registry.npmjs.org/@hydrophobefireman/kit-icons/-/kit-icons-0.0.2.tgz",
         "integrity": "sha512-cOJCwyNIOUIDl1I1mZlg3P3tNvMH5Twf9H63wy/BD7CQcuO4/A8bKxvpTM66OYz9PXi2pZv0QUD4UlCm5cNCKA==",
         "requires": {
            "csstype": "^3.0.9"
         }
      },
      "@hydrophobefireman/ui-lib": {
         "version": "1.11.3",
         "resolved": "https://registry.npmjs.org/@hydrophobefireman/ui-lib/-/ui-lib-1.11.3.tgz",
         "integrity": "sha512-5/1D9mwuBBM/YZzKXqoaDv8QwYFp6Z2sKj5I+I4JLidZ+vzfWkvc15l/dNaT336gF64t2dsUSw8c4OW1MGeWjQ==",
         "peer": true
      },
      "@types/node": {
         "version": "16.10.4",
         "resolved": "https://registry.npmjs.org/@types/node/-/node-16.10.4.tgz",
         "integrity": "sha512-EITwVTX5B4nDjXjGeQAfXOrm+Jn+qNjDmyDRtWoD+wZsl/RDPRTFRKivs4Mt74iOFlLOrE5+Kf+p5yjyhm3+cA==",
         "dev": true
      },
      "csstype": {
         "version": "3.0.9",
         "resolved": "https://registry.npmjs.org/csstype/-/csstype-3.0.9.tgz",
         "integrity": "sha512-rpw6JPxK6Rfg1zLOYCSwle2GFOOsnjmDYDaBwEcwoOg4qlsIVCN789VkBZDJAGi4T07gI4YSutR43t9Zz4Lzuw=="
      },
      "statedrive": {
         "version": "0.0.13",
         "resolved": "https://registry.npmjs.org/statedrive/-/statedrive-0.0.13.tgz",
         "integrity": "sha512-t3ycewlnD31iCf+K5LPIMOFsnaBsyFcKaxNia9aqzR1TM9paF6AGZ/ZVyQ2gx+4h3ZlvoBE6PiSvG9S/8KCyDg==",
         "peer": true,
         "requires": {}
      },
      "typescript": {
         "version": "4.4.4",
         "resolved": "https://registry.npmjs.org/typescript/-/typescript-4.4.4.tgz",
         "integrity": "sha512-DqGhF5IKoBl8WNf8C1gu8q0xZSInh9j1kJJMqT3a94w1JzVaBU4EXOSMrz9yDqMT0xt3selp83fuFMQ0uzv6qA==",
         "dev": true
      }
   }
}
