{
   "name": "@hydrophobefireman/kit",
   "version": "0.0.1-jul-23",
   "lockfileVersion": 2,
   "requires": true,
   "packages": {
      "": {
         "name": "@hydrophobefireman/kit",
         "version": "0.0.1-jul-23",
         "license": "MIT",
         "devDependencies": {
            "@types/node": "^16.4.2",
            "csstype": "^3.0.8",
            "typescript": "^4.3.5"
         },
         "peerDependencies": {
            "@hydrophobefireman/flask-jwt-jskit": "^0.1.5",
            "@hydrophobefireman/ui-lib": "^1.10.3",
            "statedrive": "^0.0.13"
         }
      },
      "node_modules/@hydrophobefireman/flask-jwt-jskit": {
         "version": "0.1.5",
         "resolved": "https://registry.npmjs.org/@hydrophobefireman/flask-jwt-jskit/-/flask-jwt-jskit-0.1.5.tgz",
         "integrity": "sha512-4HkVcl/uWfIgkolpKy8vaaIgsOwMB6ghq3jLCyq9bvxQ1Kt6JA3zzGA7BUCL8df//pwLXlldOjNCp/a23CrKGg==",
         "peer": true,
         "peerDependencies": {
            "@hydrophobefireman/j-utils": "^2.1.7",
            "statedrive": "^0.0.13"
         }
      },
      "node_modules/@hydrophobefireman/j-utils": {
         "version": "2.1.7",
         "resolved": "https://registry.npmjs.org/@hydrophobefireman/j-utils/-/j-utils-2.1.7.tgz",
         "integrity": "sha512-XEIl3/eQCUPPSPEdH8oy4AHoNhktOZ/hIF0+iBvlYrCHKmjZbrVEKUzRS/tiJ60kRdGEqlaaFd8dkOp48PQFkQ==",
         "peer": true
      },
      "node_modules/@hydrophobefireman/ui-lib": {
         "version": "1.10.3",
         "resolved": "https://registry.npmjs.org/@hydrophobefireman/ui-lib/-/ui-lib-1.10.3.tgz",
         "integrity": "sha512-Ur+j2MLBoFO3rWdmJ+GcdLaRXNOUjRf+2SxV1wWzG8GixKfCbGaNSquOqeFoknk528t/gCnh+HLQ2YaYkG+5iA==",
         "peer": true
      },
      "node_modules/@types/node": {
         "version": "16.4.2",
         "resolved": "https://registry.npmjs.org/@types/node/-/node-16.4.2.tgz",
         "integrity": "sha512-vxyhOzFCm+jC/T5KugbVsYy1DbQM0h3NCFUrVbu0+pYa/nr+heeucpqxpa8j4pUmIGLPYzboY9zIdOF0niFAjQ==",
         "dev": true
      },
      "node_modules/csstype": {
         "version": "3.0.8",
         "resolved": "https://registry.npmjs.org/csstype/-/csstype-3.0.8.tgz",
         "integrity": "sha512-jXKhWqXPmlUeoQnF/EhTtTl4C9SnrxSH/jZUih3jmO6lBKr99rP3/+FmrMj4EFpOXzMtXHAZkd3x0E6h6Fgflw==",
         "dev": true
      },
      "node_modules/statedrive": {
         "version": "0.0.13",
         "resolved": "https://registry.npmjs.org/statedrive/-/statedrive-0.0.13.tgz",
         "integrity": "sha512-t3ycewlnD31iCf+K5LPIMOFsnaBsyFcKaxNia9aqzR1TM9paF6AGZ/ZVyQ2gx+4h3ZlvoBE6PiSvG9S/8KCyDg==",
         "peer": true,
         "peerDependencies": {
            "@hydrophobefireman/ui-lib": "^1.9.5"
         }
      },
      "node_modules/typescript": {
         "version": "4.3.5",
         "resolved": "https://registry.npmjs.org/typescript/-/typescript-4.3.5.tgz",
         "integrity": "sha512-DqQgihaQ9cUrskJo9kIyW/+g0Vxsk8cDtZ52a3NGh0YNTfpUSArXSohyUGnvbPazEPLu398C0UxmKSOrPumUzA==",
         "dev": true,
         "bin": {
            "tsc": "bin/tsc",
            "tsserver": "bin/tsserver"
         },
         "engines": {
            "node": ">=4.2.0"
         }
      }
   },
   "dependencies": {
      "@hydrophobefireman/flask-jwt-jskit": {
         "version": "0.1.5",
         "resolved": "https://registry.npmjs.org/@hydrophobefireman/flask-jwt-jskit/-/flask-jwt-jskit-0.1.5.tgz",
         "integrity": "sha512-4HkVcl/uWfIgkolpKy8vaaIgsOwMB6ghq3jLCyq9bvxQ1Kt6JA3zzGA7BUCL8df//pwLXlldOjNCp/a23CrKGg==",
         "peer": true,
         "requires": {}
      },
      "@hydrophobefireman/j-utils": {
         "version": "2.1.7",
         "resolved": "https://registry.npmjs.org/@hydrophobefireman/j-utils/-/j-utils-2.1.7.tgz",
         "integrity": "sha512-XEIl3/eQCUPPSPEdH8oy4AHoNhktOZ/hIF0+iBvlYrCHKmjZbrVEKUzRS/tiJ60kRdGEqlaaFd8dkOp48PQFkQ==",
         "peer": true
      },
      "@hydrophobefireman/ui-lib": {
         "version": "1.10.3",
         "resolved": "https://registry.npmjs.org/@hydrophobefireman/ui-lib/-/ui-lib-1.10.3.tgz",
         "integrity": "sha512-Ur+j2MLBoFO3rWdmJ+GcdLaRXNOUjRf+2SxV1wWzG8GixKfCbGaNSquOqeFoknk528t/gCnh+HLQ2YaYkG+5iA==",
         "peer": true
      },
      "@types/node": {
         "version": "16.4.2",
         "resolved": "https://registry.npmjs.org/@types/node/-/node-16.4.2.tgz",
         "integrity": "sha512-vxyhOzFCm+jC/T5KugbVsYy1DbQM0h3NCFUrVbu0+pYa/nr+heeucpqxpa8j4pUmIGLPYzboY9zIdOF0niFAjQ==",
         "dev": true
      },
      "csstype": {
         "version": "3.0.8",
         "resolved": "https://registry.npmjs.org/csstype/-/csstype-3.0.8.tgz",
         "integrity": "sha512-jXKhWqXPmlUeoQnF/EhTtTl4C9SnrxSH/jZUih3jmO6lBKr99rP3/+FmrMj4EFpOXzMtXHAZkd3x0E6h6Fgflw==",
         "dev": true
      },
      "statedrive": {
         "version": "0.0.13",
         "resolved": "https://registry.npmjs.org/statedrive/-/statedrive-0.0.13.tgz",
         "integrity": "sha512-t3ycewlnD31iCf+K5LPIMOFsnaBsyFcKaxNia9aqzR1TM9paF6AGZ/ZVyQ2gx+4h3ZlvoBE6PiSvG9S/8KCyDg==",
         "peer": true,
         "requires": {}
      },
      "typescript": {
         "version": "4.3.5",
         "resolved": "https://registry.npmjs.org/typescript/-/typescript-4.3.5.tgz",
         "integrity": "sha512-DqQgihaQ9cUrskJo9kIyW/+g0Vxsk8cDtZ52a3NGh0YNTfpUSArXSohyUGnvbPazEPLu398C0UxmKSOrPumUzA==",
         "dev": true
      }
   }
}
